
Microsoft Visual Studio Solution File, Format Version 12.00
# Visual Studio 15
VisualStudioVersion = 15.0.28307.960
MinimumVisualStudioVersion = 10.0.40219.1
Project("{FAE04EC0-301F-11D3-BF4B-00C04F79EFBC}") = "vroom", "vroom\vroom.csproj", "{AE96E909-B913-47A7-A0DD-C30381D0DCA0}"
EndProject
Global
	GlobalSection(SolutionConfigurationPlatforms) = preSolution
		Debug|Any CPU = Debug|Any CPU
		Release|Any CPU = Release|Any CPU
	EndGlobalSection
	GlobalSection(ProjectConfigurationPlatforms) = postSolution
		{AE96E909-B913-47A7-A0DD-C30381D0DCA0}.Debug|Any CPU.ActiveCfg = Debug|Any CPU
		{AE96E909-B913-47A7-A0DD-C30381D0DCA0}.Debug|Any CPU.Build.0 = Debug|Any CPU
		{AE96E909-B913-47A7-A0DD-C30381D0DCA0}.Release|Any CPU.ActiveCfg = Release|Any CPU
		{AE96E909-B913-47A7-A0DD-C30381D0DCA0}.Release|Any CPU.Build.0 = Release|Any CPU
	EndGlobalSection
	GlobalSection(SolutionProperties) = preSolution
		HideSolutionNode = FALSE
	EndGlobalSection
	GlobalSection(ExtensibilityGlobals) = postSolution
		SolutionGuid = {37D1AC25-53B6-4815-8BE7-C3BEA69DC3E8}
	EndGlobalSection
EndGlobal
